
Microsoft Visual Studio Solution File, Format Version 12.00
# Visual Studio Version 16
VisualStudioVersion = 16.0.32002.261
MinimumVisualStudioVersion = 10.0.40219.1
Project("{8BC9CEB8-8B4A-11D0-8D11-00A0C91BC942}") = "pattern", "pattern.vcxproj", "{905F43D9-8FD2-42BF-B0F6-77AE10019AC5}"
EndProject
Global
	GlobalSection(SolutionConfigurationPlatforms) = preSolution
		Debug|x64 = Debug|x64
		Debug|x86 = Debug|x86
		Release|x64 = Release|x64
		Release|x86 = Release|x86
	EndGlobalSection
	GlobalSection(ProjectConfigurationPlatforms) = postSolution
		{905F43D9-8FD2-42BF-B0F6-77AE10019AC5}.Debug|x64.ActiveCfg = Debug|x64
		{905F43D9-8FD2-42BF-B0F6-77AE10019AC5}.Debug|x64.Build.0 = Debug|x64
		{905F43D9-8FD2-42BF-B0F6-77AE10019AC5}.Debug|x86.ActiveCfg = Debug|Win32
		{905F43D9-8FD2-42BF-B0F6-77AE10019AC5}.Debug|x86.Build.0 = Debug|Win32
		{905F43D9-8FD2-42BF-B0F6-77AE10019AC5}.Release|x64.ActiveCfg = Release|x64
		{905F43D9-8FD2-42BF-B0F6-77AE10019AC5}.Release|x64.Build.0 = Release|x64
		{905F43D9-8FD2-42BF-B0F6-77AE10019AC5}.Release|x86.ActiveCfg = Release|Win32
		{905F43D9-8FD2-42BF-B0F6-77AE10019AC5}.Release|x86.Build.0 = Release|Win32
	EndGlobalSection
	GlobalSection(SolutionProperties) = preSolution
		HideSolutionNode = FALSE
	EndGlobalSection
	GlobalSection(ExtensibilityGlobals) = postSolution
		SolutionGuid = {B56998C1-1EA4-448F-B083-653DFD09BF04}
	EndGlobalSection
EndGlobal
